
Microsoft Visual Studio Solution File, Format Version 12.00
# Visual Studio Version 17
VisualStudioVersion = 17.9.34728.123
MinimumVisualStudioVersion = 10.0.40219.1
Project("{FAE04EC0-301F-11D3-BF4B-00C04F79EFBC}") = "ItemTertiaryUse_Conflict_Solver", "ItemTertiaryUse_Conflict_Solver\ItemTertiaryUse_Conflict_Solver.csproj", "{C5CD0220-7601-4924-8DC1-3D5D6D9175C3}"
EndProject
Global
	GlobalSection(SolutionConfigurationPlatforms) = preSolution
		Debug|Any CPU = Debug|Any CPU
		Release|Any CPU = Release|Any CPU
	EndGlobalSection
	GlobalSection(ProjectConfigurationPlatforms) = postSolution
		{C5CD0220-7601-4924-8DC1-3D5D6D9175C3}.Debug|Any CPU.ActiveCfg = Debug|Any CPU
		{C5CD0220-7601-4924-8DC1-3D5D6D9175C3}.Debug|Any CPU.Build.0 = Debug|Any CPU
		{C5CD0220-7601-4924-8DC1-3D5D6D9175C3}.Release|Any CPU.ActiveCfg = Release|Any CPU
		{C5CD0220-7601-4924-8DC1-3D5D6D9175C3}.Release|Any CPU.Build.0 = Release|Any CPU
	EndGlobalSection
	GlobalSection(SolutionProperties) = preSolution
		HideSolutionNode = FALSE
	EndGlobalSection
	GlobalSection(ExtensibilityGlobals) = postSolution
		SolutionGuid = {51BFCA2F-0783-4831-AC4E-C5BC9780028A}
	EndGlobalSection
EndGlobal
